// !$*UTF8*$!
{
	archiveVersion = 1;
	classes = {
	};
	objectVersion = 56;
	objects = {

/* Begin PBXBuildFile section */
		FD0B51992D4F9C2900C09A07 /* CompareWeatherApp.swift in Sources */ = {isa = PBXBuildFile; fileRef = FD0B51982D4F9C2900C09A07 /* CompareWeatherApp.swift */; };
		FD0B519D2D4F9C2A00C09A07 /* Assets.xcassets in Resources */ = {isa = PBXBuildFile; fileRef = FD0B519C2D4F9C2A00C09A07 /* Assets.xcassets */; };
		FD0B51A12D4F9C2A00C09A07 /* Preview Assets.xcassets in Resources */ = {isa = PBXBuildFile; fileRef = FD0B51A02D4F9C2A00C09A07 /* Preview Assets.xcassets */; };
		FD0B51AA2D4F9D7D00C09A07 /* Weather.swift in Sources */ = {isa = PBXBuildFile; fileRef = FD0B51A92D4F9D7D00C09A07 /* Weather.swift */; };
		FD0B51AE2D4FE47400C09A07 /* WeatherAPIClient.swift in Sources */ = {isa = PBXBuildFile; fileRef = FD0B51AD2D4FE47400C09A07 /* WeatherAPIClient.swift */; };
		FD0B51B12D4FE9D500C09A07 /* WeatherApiCodable.swift in Sources */ = {isa = PBXBuildFile; fileRef = FD0B51B02D4FE9D500C09A07 /* WeatherApiCodable.swift */; };
		FD0B51B32D4FEDE800C09A07 /* WeatherEngine.swift in Sources */ = {isa = PBXBuildFile; fileRef = FD0B51B22D4FEDE800C09A07 /* WeatherEngine.swift */; };
		FDB73ECB2D5E96170082A169 /* RootView.swift in Sources */ = {isa = PBXBuildFile; fileRef = FDB73ECA2D5E96170082A169 /* RootView.swift */; };
		FDB73ED12D5E9AFF0082A169 /* MapSelectionViewModel.swift in Sources */ = {isa = PBXBuildFile; fileRef = FDB73ED02D5E9AFF0082A169 /* MapSelectionViewModel.swift */; };
		FDB73ED32D5E9C380082A169 /* CompareWeatherViewModel.swift in Sources */ = {isa = PBXBuildFile; fileRef = FDB73ED22D5E9C380082A169 /* CompareWeatherViewModel.swift */; };
		FDDFC7B22D528F4B0026DB68 /* PresentationView.swift in Sources */ = {isa = PBXBuildFile; fileRef = FDDFC7B12D528F4B0026DB68 /* PresentationView.swift */; };
		FDDFC7B62D528FFC0026DB68 /* PresentationViewModel.swift in Sources */ = {isa = PBXBuildFile; fileRef = FDDFC7B52D528FFC0026DB68 /* PresentationViewModel.swift */; };
		FDDFC7B92D52975C0026DB68 /* PlacesListView.swift in Sources */ = {isa = PBXBuildFile; fileRef = FDDFC7B82D52975C0026DB68 /* PlacesListView.swift */; };
		FDDFC7BB2D52A2750026DB68 /* PlacesListViewModel.swift in Sources */ = {isa = PBXBuildFile; fileRef = FDDFC7BA2D52A2750026DB68 /* PlacesListViewModel.swift */; };
		FDF5B2472D53E62D0000B29E /* CompareWeatherView.swift in Sources */ = {isa = PBXBuildFile; fileRef = FDF5B2462D53E62D0000B29E /* CompareWeatherView.swift */; };
		FDF5B24A2D53E7870000B29E /* MapSelectionView.swift in Sources */ = {isa = PBXBuildFile; fileRef = FDF5B2492D53E7870000B29E /* MapSelectionView.swift */; };
/* End PBXBuildFile section */

/* Begin PBXFileReference section */
		FD0B51952D4F9C2900C09A07 /* CompareWeather.app */ = {isa = PBXFileReference; explicitFileType = wrapper.application; includeInIndex = 0; path = CompareWeather.app; sourceTree = BUILT_PRODUCTS_DIR; };
		FD0B51982D4F9C2900C09A07 /* CompareWeatherApp.swift */ = {isa = PBXFileReference; lastKnownFileType = sourcecode.swift; path = CompareWeatherApp.swift; sourceTree = "<group>"; };
		FD0B519C2D4F9C2A00C09A07 /* Assets.xcassets */ = {isa = PBXFileReference; lastKnownFileType = folder.assetcatalog; path = Assets.xcassets; sourceTree = "<group>"; };
		FD0B519E2D4F9C2A00C09A07 /* CompareWeather.entitlements */ = {isa = PBXFileReference; lastKnownFileType = text.plist.entitlements; path = CompareWeather.entitlements; sourceTree = "<group>"; };
		FD0B51A02D4F9C2A00C09A07 /* Preview Assets.xcassets */ = {isa = PBXFileReference; lastKnownFileType = folder.assetcatalog; path = "Preview Assets.xcassets"; sourceTree = "<group>"; };
		FD0B51A92D4F9D7D00C09A07 /* Weather.swift */ = {isa = PBXFileReference; lastKnownFileType = sourcecode.swift; path = Weather.swift; sourceTree = "<group>"; xcLanguageSpecificationIdentifier = xcode.lang.swift; };
		FD0B51AD2D4FE47400C09A07 /* WeatherAPIClient.swift */ = {isa = PBXFileReference; lastKnownFileType = sourcecode.swift; path = WeatherAPIClient.swift; sourceTree = "<group>"; };
		FD0B51B02D4FE9D500C09A07 /* WeatherApiCodable.swift */ = {isa = PBXFileReference; lastKnownFileType = sourcecode.swift; path = WeatherApiCodable.swift; sourceTree = "<group>"; };
		FD0B51B22D4FEDE800C09A07 /* WeatherEngine.swift */ = {isa = PBXFileReference; lastKnownFileType = sourcecode.swift; path = WeatherEngine.swift; sourceTree = "<group>"; };
		FDB73ECA2D5E96170082A169 /* RootView.swift */ = {isa = PBXFileReference; lastKnownFileType = sourcecode.swift; path = RootView.swift; sourceTree = "<group>"; };
		FDB73ED02D5E9AFF0082A169 /* MapSelectionViewModel.swift */ = {isa = PBXFileReference; lastKnownFileType = sourcecode.swift; path = MapSelectionViewModel.swift; sourceTree = "<group>"; };
		FDB73ED22D5E9C380082A169 /* CompareWeatherViewModel.swift */ = {isa = PBXFileReference; lastKnownFileType = sourcecode.swift; path = CompareWeatherViewModel.swift; sourceTree = "<group>"; };
		FDDFC7B12D528F4B0026DB68 /* PresentationView.swift */ = {isa = PBXFileReference; lastKnownFileType = sourcecode.swift; path = PresentationView.swift; sourceTree = "<group>"; };
		FDDFC7B52D528FFC0026DB68 /* PresentationViewModel.swift */ = {isa = PBXFileReference; lastKnownFileType = sourcecode.swift; path = PresentationViewModel.swift; sourceTree = "<group>"; };
		FDDFC7B82D52975C0026DB68 /* PlacesListView.swift */ = {isa = PBXFileReference; lastKnownFileType = sourcecode.swift; path = PlacesListView.swift; sourceTree = "<group>"; };
		FDDFC7BA2D52A2750026DB68 /* PlacesListViewModel.swift */ = {isa = PBXFileReference; lastKnownFileType = sourcecode.swift; path = PlacesListViewModel.swift; sourceTree = "<group>"; };
		FDF5B2462D53E62D0000B29E /* CompareWeatherView.swift */ = {isa = PBXFileReference; lastKnownFileType = sourcecode.swift; path = CompareWeatherView.swift; sourceTree = "<group>"; };
		FDF5B2492D53E7870000B29E /* MapSelectionView.swift */ = {isa = PBXFileReference; lastKnownFileType = sourcecode.swift; path = MapSelectionView.swift; sourceTree = "<group>"; };
/* End PBXFileReference section */

/* Begin PBXFrameworksBuildPhase section */
		FD0B51922D4F9C2900C09A07 /* Frameworks */ = {
			isa = PBXFrameworksBuildPhase;
			buildActionMask = 2147483647;
			files = (
			);
			runOnlyForDeploymentPostprocessing = 0;
		};
/* End PBXFrameworksBuildPhase section */

/* Begin PBXGroup section */
		FD0B518C2D4F9C2900C09A07 = {
			isa = PBXGroup;
			children = (
				FD0B51972D4F9C2900C09A07 /* CompareWeather */,
				FD0B51962D4F9C2900C09A07 /* Products */,
			);
			sourceTree = "<group>";
		};
		FD0B51962D4F9C2900C09A07 /* Products */ = {
			isa = PBXGroup;
			children = (
				FD0B51952D4F9C2900C09A07 /* CompareWeather.app */,
			);
			name = Products;
			sourceTree = "<group>";
		};
		FD0B51972D4F9C2900C09A07 /* CompareWeather */ = {
			isa = PBXGroup;
			children = (
				FD0B51982D4F9C2900C09A07 /* CompareWeatherApp.swift */,
				FDDFC7B32D528F540026DB68 /* View */,
				FD0B51A72D4F9D2A00C09A07 /* CompareWeatherLogic */,
				FD0B519C2D4F9C2A00C09A07 /* Assets.xcassets */,
				FD0B519E2D4F9C2A00C09A07 /* CompareWeather.entitlements */,
				FD0B519F2D4F9C2A00C09A07 /* Preview Content */,
			);
			path = CompareWeather;
			sourceTree = "<group>";
		};
		FD0B519F2D4F9C2A00C09A07 /* Preview Content */ = {
			isa = PBXGroup;
			children = (
				FD0B51A02D4F9C2A00C09A07 /* Preview Assets.xcassets */,
			);
			path = "Preview Content";
			sourceTree = "<group>";
		};
		FD0B51A72D4F9D2A00C09A07 /* CompareWeatherLogic */ = {
			isa = PBXGroup;
			children = (
				FD0B51AB2D4FE33200C09A07 /* Logic */,
				FD0B51A82D4F9D5D00C09A07 /* Data */,
			);
			path = CompareWeatherLogic;
			sourceTree = "<group>";
		};
		FD0B51A82D4F9D5D00C09A07 /* Data */ = {
			isa = PBXGroup;
			children = (
				FD0B51A92D4F9D7D00C09A07 /* Weather.swift */,
				FD0B51AF2D4FE9C400C09A07 /* Codables */,
			);
			path = Data;
			sourceTree = "<group>";
		};
		FD0B51AB2D4FE33200C09A07 /* Logic */ = {
			isa = PBXGroup;
			children = (
				FD0B51AC2D4FE45300C09A07 /* Client */,
			);
			path = Logic;
			sourceTree = "<group>";
		};
		FD0B51AC2D4FE45300C09A07 /* Client */ = {
			isa = PBXGroup;
			children = (
				FD0B51AD2D4FE47400C09A07 /* WeatherAPIClient.swift */,
				FD0B51B22D4FEDE800C09A07 /* WeatherEngine.swift */,
			);
			path = Client;
			sourceTree = "<group>";
		};
		FD0B51AF2D4FE9C400C09A07 /* Codables */ = {
			isa = PBXGroup;
			children = (
				FD0B51B02D4FE9D500C09A07 /* WeatherApiCodable.swift */,
			);
			path = Codables;
			sourceTree = "<group>";
		};
		FDB73EC92D5E95FC0082A169 /* Root */ = {
			isa = PBXGroup;
			children = (
				FDB73ECA2D5E96170082A169 /* RootView.swift */,
			);
			path = Root;
			sourceTree = "<group>";
		};
		FDDFC7B32D528F540026DB68 /* View */ = {
			isa = PBXGroup;
			children = (
				FDF5B2452D53E6140000B29E /* CompareWeather */,
				FDF5B2482D53E7680000B29E /* MapLocation */,
				FDDFC7B72D52973D0026DB68 /* PlacesList */,
				FDB73EC92D5E95FC0082A169 /* Root */,
				FDDFC7B42D528F8B0026DB68 /* Presentation */,
			);
			path = View;
			sourceTree = "<group>";
		};
		FDDFC7B42D528F8B0026DB68 /* Presentation */ = {
			isa = PBXGroup;
			children = (
				FDDFC7B12D528F4B0026DB68 /* PresentationView.swift */,
				FDDFC7B52D528FFC0026DB68 /* PresentationViewModel.swift */,
			);
			path = Presentation;
			sourceTree = "<group>";
		};
		FDDFC7B72D52973D0026DB68 /* PlacesList */ = {
			isa = PBXGroup;
			children = (
				FDDFC7B82D52975C0026DB68 /* PlacesListView.swift */,
				FDDFC7BA2D52A2750026DB68 /* PlacesListViewModel.swift */,
			);
			path = PlacesList;
			sourceTree = "<group>";
		};
		FDF5B2452D53E6140000B29E /* CompareWeather */ = {
			isa = PBXGroup;
			children = (
				FDF5B2462D53E62D0000B29E /* CompareWeatherView.swift */,
				FDB73ED22D5E9C380082A169 /* CompareWeatherViewModel.swift */,
			);
			path = CompareWeather;
			sourceTree = "<group>";
		};
		FDF5B2482D53E7680000B29E /* MapLocation */ = {
			isa = PBXGroup;
			children = (
				FDF5B2492D53E7870000B29E /* MapSelectionView.swift */,
				FDB73ED02D5E9AFF0082A169 /* MapSelectionViewModel.swift */,
			);
			path = MapLocation;
			sourceTree = "<group>";
		};
/* End PBXGroup section */

/* Begin PBXNativeTarget section */
		FD0B51942D4F9C2900C09A07 /* CompareWeather */ = {
			isa = PBXNativeTarget;
			buildConfigurationList = FD0B51A42D4F9C2A00C09A07 /* Build configuration list for PBXNativeTarget "CompareWeather" */;
			buildPhases = (
				FD0B51912D4F9C2900C09A07 /* Sources */,
				FD0B51922D4F9C2900C09A07 /* Frameworks */,
				FD0B51932D4F9C2900C09A07 /* Resources */,
			);
			buildRules = (
			);
			dependencies = (
			);
			name = CompareWeather;
			productName = CompareWeather;
			productReference = FD0B51952D4F9C2900C09A07 /* CompareWeather.app */;
			productType = "com.apple.product-type.application";
		};
/* End PBXNativeTarget section */

/* Begin PBXProject section */
		FD0B518D2D4F9C2900C09A07 /* Project object */ = {
			isa = PBXProject;
			attributes = {
				BuildIndependentTargetsInParallel = 1;
				LastSwiftUpdateCheck = 1540;
				LastUpgradeCheck = 1540;
				TargetAttributes = {
					FD0B51942D4F9C2900C09A07 = {
						CreatedOnToolsVersion = 15.4;
					};
				};
			};
			buildConfigurationList = FD0B51902D4F9C2900C09A07 /* Build configuration list for PBXProject "CompareWeather" */;
			compatibilityVersion = "Xcode 14.0";
			developmentRegion = en;
			hasScannedForEncodings = 0;
			knownRegions = (
				en,
				Base,
			);
			mainGroup = FD0B518C2D4F9C2900C09A07;
			productRefGroup = FD0B51962D4F9C2900C09A07 /* Products */;
			projectDirPath = "";
			projectRoot = "";
			targets = (
				FD0B51942D4F9C2900C09A07 /* CompareWeather */,
			);
		};
/* End PBXProject section */

/* Begin PBXResourcesBuildPhase section */
		FD0B51932D4F9C2900C09A07 /* Resources */ = {
			isa = PBXResourcesBuildPhase;
			buildActionMask = 2147483647;
			files = (
				FD0B51A12D4F9C2A00C09A07 /* Preview Assets.xcassets in Resources */,
				FD0B519D2D4F9C2A00C09A07 /* Assets.xcassets in Resources */,
			);
			runOnlyForDeploymentPostprocessing = 0;
		};
/* End PBXResourcesBuildPhase section */

/* Begin PBXSourcesBuildPhase section */
		FD0B51912D4F9C2900C09A07 /* Sources */ = {
			isa = PBXSourcesBuildPhase;
			buildActionMask = 2147483647;
			files = (
				FDDFC7B22D528F4B0026DB68 /* PresentationView.swift in Sources */,
				FDF5B2472D53E62D0000B29E /* CompareWeatherView.swift in Sources */,
				FDDFC7BB2D52A2750026DB68 /* PlacesListViewModel.swift in Sources */,
				FDF5B24A2D53E7870000B29E /* MapSelectionView.swift in Sources */,
				FDB73ECB2D5E96170082A169 /* RootView.swift in Sources */,
				FD0B51AA2D4F9D7D00C09A07 /* Weather.swift in Sources */,
				FD0B51B32D4FEDE800C09A07 /* WeatherEngine.swift in Sources */,
				FDB73ED32D5E9C380082A169 /* CompareWeatherViewModel.swift in Sources */,
				FD0B51AE2D4FE47400C09A07 /* WeatherAPIClient.swift in Sources */,
				FD0B51992D4F9C2900C09A07 /* CompareWeatherApp.swift in Sources */,
				FDDFC7B62D528FFC0026DB68 /* PresentationViewModel.swift in Sources */,
				FDDFC7B92D52975C0026DB68 /* PlacesListView.swift in Sources */,
				FD0B51B12D4FE9D500C09A07 /* WeatherApiCodable.swift in Sources */,
				FDB73ED12D5E9AFF0082A169 /* MapSelectionViewModel.swift in Sources */,
			);
			runOnlyForDeploymentPostprocessing = 0;
		};
/* End PBXSourcesBuildPhase section */

/* Begin XCBuildConfiguration section */
		FD0B51A22D4F9C2A00C09A07 /* Debug */ = {
			isa = XCBuildConfiguration;
			buildSettings = {
				ALWAYS_SEARCH_USER_PATHS = NO;
				ASSETCATALOG_COMPILER_GENERATE_SWIFT_ASSET_SYMBOL_EXTENSIONS = YES;
				CLANG_ANALYZER_NONNULL = YES;
				CLANG_ANALYZER_NUMBER_OBJECT_CONVERSION = YES_AGGRESSIVE;
				CLANG_CXX_LANGUAGE_STANDARD = "gnu++20";
				CLANG_ENABLE_MODULES = YES;
				CLANG_ENABLE_OBJC_ARC = YES;
				CLANG_ENABLE_OBJC_WEAK = YES;
				CLANG_WARN_BLOCK_CAPTURE_AUTORELEASING = YES;
				CLANG_WARN_BOOL_CONVERSION = YES;
				CLANG_WARN_COMMA = YES;
				CLANG_WARN_CONSTANT_CONVERSION = YES;
				CLANG_WARN_DEPRECATED_OBJC_IMPLEMENTATIONS = YES;
				CLANG_WARN_DIRECT_OBJC_ISA_USAGE = YES_ERROR;
				CLANG_WARN_DOCUMENTATION_COMMENTS = YES;
				CLANG_WARN_EMPTY_BODY = YES;
				CLANG_WARN_ENUM_CONVERSION = YES;
				CLANG_WARN_INFINITE_RECURSION = YES;
				CLANG_WARN_INT_CONVERSION = YES;
				CLANG_WARN_NON_LITERAL_NULL_CONVERSION = YES;
				CLANG_WARN_OBJC_IMPLICIT_RETAIN_SELF = YES;
				CLANG_WARN_OBJC_LITERAL_CONVERSION = YES;
				CLANG_WARN_OBJC_ROOT_CLASS = YES_ERROR;
				CLANG_WARN_QUOTED_INCLUDE_IN_FRAMEWORK_HEADER = YES;
				CLANG_WARN_RANGE_LOOP_ANALYSIS = YES;
				CLANG_WARN_STRICT_PROTOTYPES = YES;
				CLANG_WARN_SUSPICIOUS_MOVE = YES;
				CLANG_WARN_UNGUARDED_AVAILABILITY = YES_AGGRESSIVE;
				CLANG_WARN_UNREACHABLE_CODE = YES;
				CLANG_WARN__DUPLICATE_METHOD_MATCH = YES;
				COPY_PHASE_STRIP = NO;
				DEBUG_INFORMATION_FORMAT = dwarf;
				ENABLE_STRICT_OBJC_MSGSEND = YES;
				ENABLE_TESTABILITY = YES;
				ENABLE_USER_SCRIPT_SANDBOXING = YES;
				GCC_C_LANGUAGE_STANDARD = gnu17;
				GCC_DYNAMIC_NO_PIC = NO;
				GCC_NO_COMMON_BLOCKS = YES;
				GCC_OPTIMIZATION_LEVEL = 0;
				GCC_PREPROCESSOR_DEFINITIONS = (
					"DEBUG=1",
					"$(inherited)",
				);
				GCC_WARN_64_TO_32_BIT_CONVERSION = YES;
				GCC_WARN_ABOUT_RETURN_TYPE = YES_ERROR;
				GCC_WARN_UNDECLARED_SELECTOR = YES;
				GCC_WARN_UNINITIALIZED_AUTOS = YES_AGGRESSIVE;
				GCC_WARN_UNUSED_FUNCTION = YES;
				GCC_WARN_UNUSED_VARIABLE = YES;
				LOCALIZATION_PREFERS_STRING_CATALOGS = YES;
				MTL_ENABLE_DEBUG_INFO = INCLUDE_SOURCE;
				MTL_FAST_MATH = YES;
				ONLY_ACTIVE_ARCH = YES;
				SWIFT_ACTIVE_COMPILATION_CONDITIONS = "DEBUG $(inherited)";
				SWIFT_OPTIMIZATION_LEVEL = "-Onone";
			};
			name = Debug;
		};
		FD0B51A32D4F9C2A00C09A07 /* Release */ = {
			isa = XCBuildConfiguration;
			buildSettings = {
				ALWAYS_SEARCH_USER_PATHS = NO;
				ASSETCATALOG_COMPILER_GENERATE_SWIFT_ASSET_SYMBOL_EXTENSIONS = YES;
				CLANG_ANALYZER_NONNULL = YES;
				CLANG_ANALYZER_NUMBER_OBJECT_CONVERSION = YES_AGGRESSIVE;
				CLANG_CXX_LANGUAGE_STANDARD = "gnu++20";
				CLANG_ENABLE_MODULES = YES;
				CLANG_ENABLE_OBJC_ARC = YES;
				CLANG_ENABLE_OBJC_WEAK = YES;
				CLANG_WARN_BLOCK_CAPTURE_AUTORELEASING = YES;
				CLANG_WARN_BOOL_CONVERSION = YES;
				CLANG_WARN_COMMA = YES;
				CLANG_WARN_CONSTANT_CONVERSION = YES;
				CLANG_WARN_DEPRECATED_OBJC_IMPLEMENTATIONS = YES;
				CLANG_WARN_DIRECT_OBJC_ISA_USAGE = YES_ERROR;
				CLANG_WARN_DOCUMENTATION_COMMENTS = YES;
				CLANG_WARN_EMPTY_BODY = YES;
				CLANG_WARN_ENUM_CONVERSION = YES;
				CLANG_WARN_INFINITE_RECURSION = YES;
				CLANG_WARN_INT_CONVERSION = YES;
				CLANG_WARN_NON_LITERAL_NULL_CONVERSION = YES;
				CLANG_WARN_OBJC_IMPLICIT_RETAIN_SELF = YES;
				CLANG_WARN_OBJC_LITERAL_CONVERSION = YES;
				CLANG_WARN_OBJC_ROOT_CLASS = YES_ERROR;
				CLANG_WARN_QUOTED_INCLUDE_IN_FRAMEWORK_HEADER = YES;
				CLANG_WARN_RANGE_LOOP_ANALYSIS = YES;
				CLANG_WARN_STRICT_PROTOTYPES = YES;
				CLANG_WARN_SUSPICIOUS_MOVE = YES;
				CLANG_WARN_UNGUARDED_AVAILABILITY = YES_AGGRESSIVE;
				CLANG_WARN_UNREACHABLE_CODE = YES;
				CLANG_WARN__DUPLICATE_METHOD_MATCH = YES;
				COPY_PHASE_STRIP = NO;
				DEBUG_INFORMATION_FORMAT = "dwarf-with-dsym";
				ENABLE_NS_ASSERTIONS = NO;
				ENABLE_STRICT_OBJC_MSGSEND = YES;
				ENABLE_USER_SCRIPT_SANDBOXING = YES;
				GCC_C_LANGUAGE_STANDARD = gnu17;
				GCC_NO_COMMON_BLOCKS = YES;
				GCC_WARN_64_TO_32_BIT_CONVERSION = YES;
				GCC_WARN_ABOUT_RETURN_TYPE = YES_ERROR;
				GCC_WARN_UNDECLARED_SELECTOR = YES;
				GCC_WARN_UNINITIALIZED_AUTOS = YES_AGGRESSIVE;
				GCC_WARN_UNUSED_FUNCTION = YES;
				GCC_WARN_UNUSED_VARIABLE = YES;
				LOCALIZATION_PREFERS_STRING_CATALOGS = YES;
				MTL_ENABLE_DEBUG_INFO = NO;
				MTL_FAST_MATH = YES;
				SWIFT_COMPILATION_MODE = wholemodule;
			};
			name = Release;
		};
		FD0B51A52D4F9C2A00C09A07 /* Debug */ = {
			isa = XCBuildConfiguration;
			buildSettings = {
				ASSETCATALOG_COMPILER_APPICON_NAME = AppIcon;
				ASSETCATALOG_COMPILER_GLOBAL_ACCENT_COLOR_NAME = AccentColor;
				CODE_SIGN_ENTITLEMENTS = CompareWeather/CompareWeather.entitlements;
				CODE_SIGN_STYLE = Automatic;
				CURRENT_PROJECT_VERSION = 1;
				DEVELOPMENT_ASSET_PATHS = "\"CompareWeather/Preview Content\"";
				DEVELOPMENT_TEAM = 8LGP89BBR5;
				ENABLE_HARDENED_RUNTIME = YES;
				ENABLE_PREVIEWS = YES;
				GENERATE_INFOPLIST_FILE = YES;
				INFOPLIST_FILE = "";
				"INFOPLIST_KEY_UIApplicationSceneManifest_Generation[sdk=iphoneos*]" = YES;
				"INFOPLIST_KEY_UIApplicationSceneManifest_Generation[sdk=iphonesimulator*]" = YES;
				"INFOPLIST_KEY_UIApplicationSupportsIndirectInputEvents[sdk=iphoneos*]" = YES;
				"INFOPLIST_KEY_UIApplicationSupportsIndirectInputEvents[sdk=iphonesimulator*]" = YES;
				"INFOPLIST_KEY_UILaunchScreen_Generation[sdk=iphoneos*]" = YES;
				"INFOPLIST_KEY_UILaunchScreen_Generation[sdk=iphonesimulator*]" = YES;
				"INFOPLIST_KEY_UIStatusBarStyle[sdk=iphoneos*]" = UIStatusBarStyleDefault;
				"INFOPLIST_KEY_UIStatusBarStyle[sdk=iphonesimulator*]" = UIStatusBarStyleDefault;
				INFOPLIST_KEY_UISupportedInterfaceOrientations_iPad = "UIInterfaceOrientationPortrait UIInterfaceOrientationPortraitUpsideDown UIInterfaceOrientationLandscapeLeft UIInterfaceOrientationLandscapeRight";
				INFOPLIST_KEY_UISupportedInterfaceOrientations_iPhone = "UIInterfaceOrientationPortrait UIInterfaceOrientationLandscapeLeft UIInterfaceOrientationLandscapeRight";
				IPHONEOS_DEPLOYMENT_TARGET = 17.5;
				LD_RUNPATH_SEARCH_PATHS = "@executable_path/Frameworks";
				"LD_RUNPATH_SEARCH_PATHS[sdk=macosx*]" = "@executable_path/../Frameworks";
				MACOSX_DEPLOYMENT_TARGET = 14.5;
				MARKETING_VERSION = 1.0;
				PRODUCT_BUNDLE_IDENTIFIER = Santos.CompareWeather;
				PRODUCT_NAME = "$(TARGET_NAME)";
				SDKROOT = auto;
				SUPPORTED_PLATFORMS = "iphoneos iphonesimulator macosx";
				SWIFT_EMIT_LOC_STRINGS = YES;
				SWIFT_VERSION = 5.0;
				TARGETED_DEVICE_FAMILY = "1,2";
			};
			name = Debug;
		};
		FD0B51A62D4F9C2A00C09A07 /* Release */ = {
			isa = XCBuildConfiguration;
			buildSettings = {
				ASSETCATALOG_COMPILER_APPICON_NAME = AppIcon;
				ASSETCATALOG_COMPILER_GLOBAL_ACCENT_COLOR_NAME = AccentColor;
				CODE_SIGN_ENTITLEMENTS = CompareWeather/CompareWeather.entitlements;
				CODE_SIGN_STYLE = Automatic;
				CURRENT_PROJECT_VERSION = 1;
				DEVELOPMENT_ASSET_PATHS = "\"CompareWeather/Preview Content\"";
				DEVELOPMENT_TEAM = 8LGP89BBR5;
				ENABLE_HARDENED_RUNTIME = YES;
				ENABLE_PREVIEWS = YES;
				GENERATE_INFOPLIST_FILE = YES;
				INFOPLIST_FILE = "";
				"INFOPLIST_KEY_UIApplicationSceneManifest_Generation[sdk=iphoneos*]" = YES;
				"INFOPLIST_KEY_UIApplicationSceneManifest_Generation[sdk=iphonesimulator*]" = YES;
				"INFOPLIST_KEY_UIApplicationSupportsIndirectInputEvents[sdk=iphoneos*]" = YES;
				"INFOPLIST_KEY_UIApplicationSupportsIndirectInputEvents[sdk=iphonesimulator*]" = YES;
				"INFOPLIST_KEY_UILaunchScreen_Generation[sdk=iphoneos*]" = YES;
				"INFOPLIST_KEY_UILaunchScreen_Generation[sdk=iphonesimulator*]" = YES;
				"INFOPLIST_KEY_UIStatusBarStyle[sdk=iphoneos*]" = UIStatusBarStyleDefault;
				"INFOPLIST_KEY_UIStatusBarStyle[sdk=iphonesimulator*]" = UIStatusBarStyleDefault;
				INFOPLIST_KEY_UISupportedInterfaceOrientations_iPad = "UIInterfaceOrientationPortrait UIInterfaceOrientationPortraitUpsideDown UIInterfaceOrientationLandscapeLeft UIInterfaceOrientationLandscapeRight";
				INFOPLIST_KEY_UISupportedInterfaceOrientations_iPhone = "UIInterfaceOrientationPortrait UIInterfaceOrientationLandscapeLeft UIInterfaceOrientationLandscapeRight";
				IPHONEOS_DEPLOYMENT_TARGET = 17.5;
				LD_RUNPATH_SEARCH_PATHS = "@executable_path/Frameworks";
				"LD_RUNPATH_SEARCH_PATHS[sdk=macosx*]" = "@executable_path/../Frameworks";
				MACOSX_DEPLOYMENT_TARGET = 14.5;
				MARKETING_VERSION = 1.0;
				PRODUCT_BUNDLE_IDENTIFIER = Santos.CompareWeather;
				PRODUCT_NAME = "$(TARGET_NAME)";
				SDKROOT = auto;
				SUPPORTED_PLATFORMS = "iphoneos iphonesimulator macosx";
				SWIFT_EMIT_LOC_STRINGS = YES;
				SWIFT_VERSION = 5.0;
				TARGETED_DEVICE_FAMILY = "1,2";
			};
			name = Release;
		};
/* End XCBuildConfiguration section */

/* Begin XCConfigurationList section */
		FD0B51902D4F9C2900C09A07 /* Build configuration list for PBXProject "CompareWeather" */ = {
			isa = XCConfigurationList;
			buildConfigurations = (
				FD0B51A22D4F9C2A00C09A07 /* Debug */,
				FD0B51A32D4F9C2A00C09A07 /* Release */,
			);
			defaultConfigurationIsVisible = 0;
			defaultConfigurationName = Release;
		};
		FD0B51A42D4F9C2A00C09A07 /* Build configuration list for PBXNativeTarget "CompareWeather" */ = {
			isa = XCConfigurationList;
			buildConfigurations = (
				FD0B51A52D4F9C2A00C09A07 /* Debug */,
				FD0B51A62D4F9C2A00C09A07 /* Release */,
			);
			defaultConfigurationIsVisible = 0;
			defaultConfigurationName = Release;
		};
/* End XCConfigurationList section */
	};
	rootObject = FD0B518D2D4F9C2900C09A07 /* Project object */;
}
